
Microsoft Visual Studio Solution File, Format Version 12.00
Project("{2150E333-8FDC-42A3-9474-1A3956D46DE8}") = "src", "src", "{C74916DF-BB28-492D-990E-5F94C752C2E9}"
EndProject
Project("{FAE04EC0-301F-11D3-BF4B-00C04F79EFBC}") = "ApiVersioning.Api", "src\ApiVersioning.Api\ApiVersioning.Api.csproj", "{87034715-F7E7-4EBF-BC79-321C269C60CD}"
EndProject
Global
	GlobalSection(SolutionConfigurationPlatforms) = preSolution
		Debug|Any CPU = Debug|Any CPU
		Release|Any CPU = Release|Any CPU
	EndGlobalSection
	GlobalSection(NestedProjects) = preSolution
		{87034715-F7E7-4EBF-BC79-321C269C60CD} = {C74916DF-BB28-492D-990E-5F94C752C2E9}
	EndGlobalSection
	GlobalSection(ProjectConfigurationPlatforms) = postSolution
		{87034715-F7E7-4EBF-BC79-321C269C60CD}.Debug|Any CPU.ActiveCfg = Debug|Any CPU
		{87034715-F7E7-4EBF-BC79-321C269C60CD}.Debug|Any CPU.Build.0 = Debug|Any CPU
		{87034715-F7E7-4EBF-BC79-321C269C60CD}.Release|Any CPU.ActiveCfg = Release|Any CPU
		{87034715-F7E7-4EBF-BC79-321C269C60CD}.Release|Any CPU.Build.0 = Release|Any CPU
	EndGlobalSection
EndGlobal
